// !$*UTF8*$!
{
	archiveVersion = 1;
	classes = {
	};
	objectVersion = 42;
	objects = {

/* Begin PBXAppleScriptBuildPhase section */
		2CB056360B3AA04500315976 /* AppleScript */ = {
			isa = PBXAppleScriptBuildPhase;
			buildActionMask = 2147483647;
			contextName = "";
			files = (
				2CB056390B3AA04E00315976 /* InsertionLocation.applescript in AppleScript */,
			);
			isSharedContext = 0;
			runOnlyForDeploymentPostprocessing = 0;
		};
/* End PBXAppleScriptBuildPhase section */

/* Begin PBXBuildFile section */
		2C17FD290C1AFE75008E63D6 /* ServicesMenu.strings in Resources */ = {isa = PBXBuildFile; fileRef = 2C17FD280C1AFE75008E63D6 /* ServicesMenu.strings */; };
		2C1DC0BF1BEC8F680071AF1C /* NSRunningApplication+SmartActivate.m in Sources */ = {isa = PBXBuildFile; fileRef = 2C1DC0BD1BEC8F680071AF1C /* NSRunningApplication+SmartActivate.m */; };
		2C1DC0C31BEC93E90071AF1C /* NSString+StationeryFlag.m in Sources */ = {isa = PBXBuildFile; fileRef = 2C1DC0C11BEC93E90071AF1C /* NSString+StationeryFlag.m */; };
		2C1DC0CC1BEC95B60071AF1C /* DonationReminder.framework in Frameworks */ = {isa = PBXBuildFile; fileRef = 2C1DC0C91BEC95580071AF1C /* DonationReminder.framework */; };
		2C1DC0CD1BEC95CA0071AF1C /* DonationReminder.framework in CopyFiles */ = {isa = PBXBuildFile; fileRef = 2C1DC0C91BEC95580071AF1C /* DonationReminder.framework */; };
		2C1DC0D31BEC97AA0071AF1C /* Sparkle.framework in Frameworks */ = {isa = PBXBuildFile; fileRef = 2C1DC0D11BEC97550071AF1C /* Sparkle.framework */; };
		2C1DC0D51BEC97C80071AF1C /* Sparkle.framework in CopyFiles */ = {isa = PBXBuildFile; fileRef = 2C1DC0D11BEC97550071AF1C /* Sparkle.framework */; };
		2C1E925D0B3841330086DB87 /* FileTreeDataSource.m in Sources */ = {isa = PBXBuildFile; fileRef = 2C1E924B0B3841330086DB87 /* FileTreeDataSource.m */; };
		2C1E925E0B3841330086DB87 /* FileTreeNode.m in Sources */ = {isa = PBXBuildFile; fileRef = 2C1E924D0B3841330086DB87 /* FileTreeNode.m */; };
		2C1E925F0B3841330086DB87 /* FileTreeView.m in Sources */ = {isa = PBXBuildFile; fileRef = 2C1E924F0B3841330086DB87 /* FileTreeView.m */; };
		2C1E92600B3841330086DB87 /* ImageAndTextCell.m in Sources */ = {isa = PBXBuildFile; fileRef = 2C1E92520B3841330086DB87 /* ImageAndTextCell.m */; };
		2C1E92620B3841330086DB87 /* NSArray_Extensions.m in Sources */ = {isa = PBXBuildFile; fileRef = 2C1E92560B3841330086DB87 /* NSArray_Extensions.m */; };
		2C1E92630B3841330086DB87 /* NSOutlineView_Extensions.m in Sources */ = {isa = PBXBuildFile; fileRef = 2C1E92580B3841330086DB87 /* NSOutlineView_Extensions.m */; };
		2C1E943D0B38B4680086DB87 /* Reload.png in Resources */ = {isa = PBXBuildFile; fileRef = 2C1E943A0B38B4670086DB87 /* Reload.png */; };
		2C270B080B38BEBC00955F77 /* new_folder.icns in Resources */ = {isa = PBXBuildFile; fileRef = 2C270B070B38BEBC00955F77 /* new_folder.icns */; };
		2C270B0C0B38BFAB00955F77 /* rename.png in Resources */ = {isa = PBXBuildFile; fileRef = 2C270B0B0B38BFAB00955F77 /* rename.png */; };
		2C270BC40B39201200955F77 /* TreeNode.m in Sources */ = {isa = PBXBuildFile; fileRef = 2C270BC30B39201200955F77 /* TreeNode.m */; };
		2C270C7F0B39794000955F77 /* AddItem.png in Resources */ = {isa = PBXBuildFile; fileRef = 2C270C7E0B39794000955F77 /* AddItem.png */; };
		2C270C810B39794500955F77 /* Reveal.tiff in Resources */ = {isa = PBXBuildFile; fileRef = 2C270C800B39794500955F77 /* Reveal.tiff */; };
		2C270C830B39794B00955F77 /* DarkBlueReload.png in Resources */ = {isa = PBXBuildFile; fileRef = 2C270C820B39794B00955F77 /* DarkBlueReload.png */; };
		2C270C850B39795900955F77 /* ToolbarDeleteIcon.icns in Resources */ = {isa = PBXBuildFile; fileRef = 2C270C840B39795900955F77 /* ToolbarDeleteIcon.icns */; };
		2C270C880B3979A300955F77 /* MakeFolder.png in Resources */ = {isa = PBXBuildFile; fileRef = 2C270C870B3979A300955F77 /* MakeFolder.png */; };
		2C3B462C0F309A39006455BA /* dsa_pub.pem in Resources */ = {isa = PBXBuildFile; fileRef = 2C3B462B0F309A38006455BA /* dsa_pub.pem */; };
		2C3B46310F309B01006455BA /* CheckForUpdates.png in Resources */ = {isa = PBXBuildFile; fileRef = 2C3B46300F309B01006455BA /* CheckForUpdates.png */; };
		2C3C5F490B54887D00F5AEC3 /* HelpSetup.plist in Resources */ = {isa = PBXBuildFile; fileRef = 2C3C5F480B54887D00F5AEC3 /* HelpSetup.plist */; };
		2C4589960B37CFA40020C796 /* Localizable.strings in Resources */ = {isa = PBXBuildFile; fileRef = 2C4589950B37CFA40020C796 /* Localizable.strings */; };
		2C458ABD0B37E6A70020C796 /* AppController.m in Sources */ = {isa = PBXBuildFile; fileRef = 2C458ABC0B37E6A70020C796 /* AppController.m */; };
		2C458AD80B37F1450020C796 /* FactorySettings.plist in Resources */ = {isa = PBXBuildFile; fileRef = 2C458AD70B37F1450020C796 /* FactorySettings.plist */; };
		2C458C650B37F7D40020C796 /* FileTreeWindowController.m in Sources */ = {isa = PBXBuildFile; fileRef = 2C458C640B37F7D40020C796 /* FileTreeWindowController.m */; };
		2C458C920B37F88B0020C796 /* FileTreeWindow.nib in Resources */ = {isa = PBXBuildFile; fileRef = 2C458C900B37F88B0020C796 /* FileTreeWindow.nib */; };
		2C58A4390B0A090F003E345E /* Carbon.framework in Frameworks */ = {isa = PBXBuildFile; fileRef = 2C58A4380B0A090F003E345E /* Carbon.framework */; };
		2C92324017FA5AE100C47BAB /* FileNameComboBox.m in Sources */ = {isa = PBXBuildFile; fileRef = 2C92323E17FA5AE100C47BAB /* FileNameComboBox.m */; };
		2CA09BF30B3FD9250043BE9D /* Stationery.zip in Resources */ = {isa = PBXBuildFile; fileRef = 2CA09BF20B3FD9250043BE9D /* Stationery.zip */; };
		2CB056390B3AA04E00315976 /* InsertionLocation.applescript in AppleScript */ = {isa = PBXBuildFile; fileRef = 2CB0558A0B3A9EE400315976 /* InsertionLocation.applescript */; settings = {ATTRIBUTES = (Debug, ); }; };
		2CF3F22D1354351D00872A83 /* StationeryPalette.icns in Resources */ = {isa = PBXBuildFile; fileRef = 2CF3F22C1354351D00872A83 /* StationeryPalette.icns */; };
		2CF70C0D1BEC3F4200786EBD /* DropBox.m in Sources */ = {isa = PBXBuildFile; fileRef = 2CF70C061BEC3F4200786EBD /* DropBox.m */; };
		2CF70C0F1BEC3F4200786EBD /* HFSTypeUtils.m in Sources */ = {isa = PBXBuildFile; fileRef = 2CF70C081BEC3F4200786EBD /* HFSTypeUtils.m */; };
		2CF70C111BEC3F4200786EBD /* PathExtra.m in Sources */ = {isa = PBXBuildFile; fileRef = 2CF70C0B1BEC3F4200786EBD /* PathExtra.m */; };
		8D11072A0486CEB800E47090 /* MainMenu.nib in Resources */ = {isa = PBXBuildFile; fileRef = 29B97318FDCFA39411CA2CEA /* MainMenu.nib */; };
		8D11072B0486CEB800E47090 /* InfoPlist.strings in Resources */ = {isa = PBXBuildFile; fileRef = 089C165CFE840E0CC02AAC07 /* InfoPlist.strings */; };
		8D11072D0486CEB800E47090 /* main.m in Sources */ = {isa = PBXBuildFile; fileRef = 29B97316FDCFA39411CA2CEA /* main.m */; settings = {ATTRIBUTES = (); }; };
		8D11072F0486CEB800E47090 /* Cocoa.framework in Frameworks */ = {isa = PBXBuildFile; fileRef = 1058C7A1FEA54F0111CA2CBB /* Cocoa.framework */; };
/* End PBXBuildFile section */

/* Begin PBXContainerItemProxy section */
		2C1DC0C81BEC95580071AF1C /* PBXContainerItemProxy */ = {
			isa = PBXContainerItemProxy;
			containerPortal = 2C1DC0C41BEC95570071AF1C /* DonationReminder.xcodeproj */;
			proxyType = 2;
			remoteGlobalIDString = 2C4A363E19E61FC40031E521;
			remoteInfo = DonationReminder;
		};
		2C1DC0CA1BEC958E0071AF1C /* PBXContainerItemProxy */ = {
			isa = PBXContainerItemProxy;
			containerPortal = 2C1DC0C41BEC95570071AF1C /* DonationReminder.xcodeproj */;
			proxyType = 1;
			remoteGlobalIDString = 2C4A363119E61FC40031E521;
			remoteInfo = DonationReminder;
		};
/* End PBXContainerItemProxy section */

/* Begin PBXCopyFilesBuildPhase section */
		2CEBB1440B40040600040DD0 /* CopyFiles */ = {
			isa = PBXCopyFilesBuildPhase;
			buildActionMask = 2147483647;
			dstPath = "";
			dstSubfolderSpec = 10;
			files = (
				2C1DC0CD1BEC95CA0071AF1C /* DonationReminder.framework in CopyFiles */,
				2C1DC0D51BEC97C80071AF1C /* Sparkle.framework in CopyFiles */,
			);
			runOnlyForDeploymentPostprocessing = 0;
		};
/* End PBXCopyFilesBuildPhase section */

/* Begin PBXFileReference section */
		089C165DFE840E0CC02AAC07 /* English */ = {isa = PBXFileReference; fileEncoding = 10; lastKnownFileType = text.plist.strings; name = English; path = English.lproj/InfoPlist.strings; sourceTree = "<group>"; };
		1058C7A1FEA54F0111CA2CBB /* Cocoa.framework */ = {isa = PBXFileReference; lastKnownFileType = wrapper.framework; name = Cocoa.framework; path = /System/Library/Frameworks/Cocoa.framework; sourceTree = "<absolute>"; };
		13E42FB307B3F0F600E4EEF1 /* CoreData.framework */ = {isa = PBXFileReference; lastKnownFileType = wrapper.framework; name = CoreData.framework; path = /System/Library/Frameworks/CoreData.framework; sourceTree = "<absolute>"; };
		29B97316FDCFA39411CA2CEA /* main.m */ = {isa = PBXFileReference; fileEncoding = 4; lastKnownFileType = sourcecode.c.objc; path = main.m; sourceTree = "<group>"; };
		29B97319FDCFA39411CA2CEA /* English */ = {isa = PBXFileReference; lastKnownFileType = wrapper.nib; name = English; path = English.lproj/MainMenu.nib; sourceTree = "<group>"; };
		29B97324FDCFA39411CA2CEA /* AppKit.framework */ = {isa = PBXFileReference; lastKnownFileType = wrapper.framework; name = AppKit.framework; path = /System/Library/Frameworks/AppKit.framework; sourceTree = "<absolute>"; };
		29B97325FDCFA39411CA2CEA /* Foundation.framework */ = {isa = PBXFileReference; lastKnownFileType = wrapper.framework; name = Foundation.framework; path = /System/Library/Frameworks/Foundation.framework; sourceTree = "<absolute>"; };
		2C17FD240C1AFE6A008E63D6 /* English */ = {isa = PBXFileReference; fileEncoding = 10; lastKnownFileType = text.plist.strings; name = English; path = English.lproj/ServicesMenu.strings; sourceTree = "<group>"; };
		2C1DC0BC1BEC8F680071AF1C /* NSRunningApplication+SmartActivate.h */ = {isa = PBXFileReference; fileEncoding = 4; lastKnownFileType = sourcecode.c.h; path = "NSRunningApplication+SmartActivate.h"; sourceTree = "<group>"; };
		2C1DC0BD1BEC8F680071AF1C /* NSRunningApplication+SmartActivate.m */ = {isa = PBXFileReference; fileEncoding = 4; lastKnownFileType = sourcecode.c.objc; path = "NSRunningApplication+SmartActivate.m"; sourceTree = "<group>"; };
		2C1DC0C01BEC93E90071AF1C /* NSString+StationeryFlag.h */ = {isa = PBXFileReference; fileEncoding = 4; lastKnownFileType = sourcecode.c.h; path = "NSString+StationeryFlag.h"; sourceTree = "<group>"; };
		2C1DC0C11BEC93E90071AF1C /* NSString+StationeryFlag.m */ = {isa = PBXFileReference; fileEncoding = 4; lastKnownFileType = sourcecode.c.objc; path = "NSString+StationeryFlag.m"; sourceTree = "<group>"; };
		2C1DC0C41BEC95570071AF1C /* DonationReminder.xcodeproj */ = {isa = PBXFileReference; lastKnownFileType = "wrapper.pb-project"; name = DonationReminder.xcodeproj; path = DonationReminder/DonationReminder.xcodeproj; sourceTree = "<group>"; };
		2C1DC0D11BEC97550071AF1C /* Sparkle.framework */ = {isa = PBXFileReference; lastKnownFileType = wrapper.framework; path = Sparkle.framework; sourceTree = "<group>"; };
		2C1E924A0B3841330086DB87 /* FileTreeDataSource.h */ = {isa = PBXFileReference; fileEncoding = 2147483649; lastKnownFileType = sourcecode.c.h; path = FileTreeDataSource.h; sourceTree = "<group>"; };
		2C1E924B0B3841330086DB87 /* FileTreeDataSource.m */ = {isa = PBXFileReference; fileEncoding = 2147483649; lastKnownFileType = sourcecode.c.objc; path = FileTreeDataSource.m; sourceTree = "<group>"; };
		2C1E924C0B3841330086DB87 /* FileTreeNode.h */ = {isa = PBXFileReference; fileEncoding = 2147483649; lastKnownFileType = sourcecode.c.h; path = FileTreeNode.h; sourceTree = "<group>"; };
		2C1E924D0B3841330086DB87 /* FileTreeNode.m */ = {isa = PBXFileReference; fileEncoding = 2147483649; lastKnownFileType = sourcecode.c.objc; path = FileTreeNode.m; sourceTree = "<group>"; };
		2C1E924E0B3841330086DB87 /* FileTreeView.h */ = {isa = PBXFileReference; fileEncoding = 2147483649; lastKnownFileType = sourcecode.c.h; path = FileTreeView.h; sourceTree = "<group>"; };
		2C1E924F0B3841330086DB87 /* FileTreeView.m */ = {isa = PBXFileReference; fileEncoding = 2147483649; lastKnownFileType = sourcecode.c.objc; path = FileTreeView.m; sourceTree = "<group>"; };
		2C1E92500B3841330086DB87 /* FileTreeViewDataSource.h */ = {isa = PBXFileReference; fileEncoding = 2147483649; lastKnownFileType = sourcecode.c.h; path = FileTreeViewDataSource.h; sourceTree = "<group>"; };
		2C1E92510B3841330086DB87 /* ImageAndTextCell.h */ = {isa = PBXFileReference; fileEncoding = 2147483649; lastKnownFileType = sourcecode.c.h; path = ImageAndTextCell.h; sourceTree = "<group>"; };
		2C1E92520B3841330086DB87 /* ImageAndTextCell.m */ = {isa = PBXFileReference; fileEncoding = 2147483649; lastKnownFileType = sourcecode.c.objc; path = ImageAndTextCell.m; sourceTree = "<group>"; };
		2C1E92550B3841330086DB87 /* NSArray_Extensions.h */ = {isa = PBXFileReference; fileEncoding = 2147483649; lastKnownFileType = sourcecode.c.h; path = NSArray_Extensions.h; sourceTree = "<group>"; };
		2C1E92560B3841330086DB87 /* NSArray_Extensions.m */ = {isa = PBXFileReference; fileEncoding = 2147483649; lastKnownFileType = sourcecode.c.objc; path = NSArray_Extensions.m; sourceTree = "<group>"; };
		2C1E92570B3841330086DB87 /* NSOutlineView_Extensions.h */ = {isa = PBXFileReference; fileEncoding = 2147483649; lastKnownFileType = sourcecode.c.h; path = NSOutlineView_Extensions.h; sourceTree = "<group>"; };
		2C1E92580B3841330086DB87 /* NSOutlineView_Extensions.m */ = {isa = PBXFileReference; fileEncoding = 2147483649; lastKnownFileType = sourcecode.c.objc; path = NSOutlineView_Extensions.m; sourceTree = "<group>"; };
		2C1E943A0B38B4670086DB87 /* Reload.png */ = {isa = PBXFileReference; lastKnownFileType = image.png; path = Reload.png; sourceTree = "<group>"; };
		2C270B070B38BEBC00955F77 /* new_folder.icns */ = {isa = PBXFileReference; lastKnownFileType = image.icns; path = new_folder.icns; sourceTree = "<group>"; };
		2C270B0B0B38BFAB00955F77 /* rename.png */ = {isa = PBXFileReference; lastKnownFileType = image.png; path = rename.png; sourceTree = "<group>"; };
		2C270BC20B39201200955F77 /* TreeNode.h */ = {isa = PBXFileReference; fileEncoding = 2147483649; lastKnownFileType = sourcecode.c.h; path = TreeNode.h; sourceTree = "<group>"; };
		2C270BC30B39201200955F77 /* TreeNode.m */ = {isa = PBXFileReference; fileEncoding = 2147483649; lastKnownFileType = sourcecode.c.objc; path = TreeNode.m; sourceTree = "<group>"; };
		2C270C7E0B39794000955F77 /* AddItem.png */ = {isa = PBXFileReference; lastKnownFileType = image.png; path = AddItem.png; sourceTree = "<group>"; };
		2C270C800B39794500955F77 /* Reveal.tiff */ = {isa = PBXFileReference; lastKnownFileType = image.tiff; path = Reveal.tiff; sourceTree = "<group>"; };
		2C270C820B39794B00955F77 /* DarkBlueReload.png */ = {isa = PBXFileReference; lastKnownFileType = image.png; path = DarkBlueReload.png; sourceTree = "<group>"; };
		2C270C840B39795900955F77 /* ToolbarDeleteIcon.icns */ = {isa = PBXFileReference; lastKnownFileType = image.icns; path = ToolbarDeleteIcon.icns; sourceTree = "<group>"; };
		2C270C870B3979A300955F77 /* MakeFolder.png */ = {isa = PBXFileReference; lastKnownFileType = image.png; path = MakeFolder.png; sourceTree = "<group>"; };
		2C3B462B0F309A38006455BA /* dsa_pub.pem */ = {isa = PBXFileReference; fileEncoding = 4; lastKnownFileType = text; path = dsa_pub.pem; sourceTree = "<group>"; };
		2C3B46300F309B01006455BA /* CheckForUpdates.png */ = {isa = PBXFileReference; lastKnownFileType = image.png; path = CheckForUpdates.png; sourceTree = "<group>"; };
		2C3C5F480B54887D00F5AEC3 /* HelpSetup.plist */ = {isa = PBXFileReference; explicitFileType = text.plist; fileEncoding = 4; path = HelpSetup.plist; sourceTree = "<group>"; };
		2C4493B80B3BD77800D6F290 /* KeyedUnarchiveFromDataTransformer.h */ = {isa = PBXFileReference; fileEncoding = 4; lastKnownFileType = sourcecode.c.h; name = KeyedUnarchiveFromDataTransformer.h; path = FileTreeView/KeyedUnarchiveFromDataTransformer.h; sourceTree = "<group>"; };
		2C4493B90B3BD77800D6F290 /* KeyedUnarchiveFromDataTransformer.m */ = {isa = PBXFileReference; fileEncoding = 4; lastKnownFileType = sourcecode.c.objc; name = KeyedUnarchiveFromDataTransformer.m; path = FileTreeView/KeyedUnarchiveFromDataTransformer.m; sourceTree = "<group>"; };
		2C4588B40B37CF4F0020C796 /* English */ = {isa = PBXFileReference; fileEncoding = 10; lastKnownFileType = text.plist.strings; lineEnding = 0; name = English; path = English.lproj/Localizable.strings; sourceTree = "<group>"; };
		2C458ABB0B37E6A70020C796 /* AppController.h */ = {isa = PBXFileReference; fileEncoding = 4; lastKnownFileType = sourcecode.c.h; path = AppController.h; sourceTree = "<group>"; };
		2C458ABC0B37E6A70020C796 /* AppController.m */ = {isa = PBXFileReference; fileEncoding = 4; lastKnownFileType = sourcecode.c.objc; path = AppController.m; sourceTree = "<group>"; };
		2C458AD70B37F1450020C796 /* FactorySettings.plist */ = {isa = PBXFileReference; explicitFileType = text.plist; fileEncoding = 4; path = FactorySettings.plist; sourceTree = "<group>"; };
		2C458C630B37F7D40020C796 /* FileTreeWindowController.h */ = {isa = PBXFileReference; fileEncoding = 4; lastKnownFileType = sourcecode.c.h; path = FileTreeWindowController.h; sourceTree = "<group>"; };
		2C458C640B37F7D40020C796 /* FileTreeWindowController.m */ = {isa = PBXFileReference; fileEncoding = 4; lastKnownFileType = sourcecode.c.objc; path = FileTreeWindowController.m; sourceTree = "<group>"; };
		2C458C910B37F88B0020C796 /* English */ = {isa = PBXFileReference; lastKnownFileType = wrapper.nib; name = English; path = English.lproj/FileTreeWindow.nib; sourceTree = "<group>"; };
		2C58A4380B0A090F003E345E /* Carbon.framework */ = {isa = PBXFileReference; lastKnownFileType = wrapper.framework; name = Carbon.framework; path = /System/Library/Frameworks/Carbon.framework; sourceTree = "<absolute>"; };
		2C92323D17FA5AE100C47BAB /* FileNameComboBox.h */ = {isa = PBXFileReference; fileEncoding = 4; lastKnownFileType = sourcecode.c.h; path = FileNameComboBox.h; sourceTree = "<group>"; };
		2C92323E17FA5AE100C47BAB /* FileNameComboBox.m */ = {isa = PBXFileReference; fileEncoding = 4; lastKnownFileType = sourcecode.c.objc; path = FileNameComboBox.m; sourceTree = "<group>"; };
		2CA09BF10B3FCF000043BE9D /* History.rd */ = {isa = PBXFileReference; fileEncoding = 4; lastKnownFileType = text; name = History.rd; path = ../../History.rd; sourceTree = SOURCE_ROOT; };
		2CA09BF20B3FD9250043BE9D /* Stationery.zip */ = {isa = PBXFileReference; lastKnownFileType = archive.zip; path = Stationery.zip; sourceTree = "<group>"; };
		2CB0558A0B3A9EE400315976 /* InsertionLocation.applescript */ = {isa = PBXFileReference; fileEncoding = 4; lastKnownFileType = sourcecode.applescript; path = InsertionLocation.applescript; sourceTree = "<group>"; };
		2CEF6B7014EC1DCD00C9A9B3 /* Japanese */ = {isa = PBXFileReference; lastKnownFileType = text.plist.strings; name = Japanese; path = Japanese.lproj/InfoPlist.strings; sourceTree = "<group>"; };
		2CEF6B7114EC1DDE00C9A9B3 /* Japanese */ = {isa = PBXFileReference; lastKnownFileType = wrapper.nib; name = Japanese; path = Japanese.lproj/MainMenu.nib; sourceTree = "<group>"; };
		2CEF6B7214EC1E2200C9A9B3 /* Japanese */ = {isa = PBXFileReference; lastKnownFileType = text.plist.strings; name = Japanese; path = Japanese.lproj/Localizable.strings; sourceTree = "<group>"; };
		2CEF6B7314EC1EC200C9A9B3 /* Japanese */ = {isa = PBXFileReference; fileEncoding = 10; lastKnownFileType = text.plist.strings; name = Japanese; path = Japanese.lproj/ServicesMenu.strings; sourceTree = "<group>"; };
		2CEF6B7414EC1F1400C9A9B3 /* Japanese */ = {isa = PBXFileReference; lastKnownFileType = wrapper.nib; name = Japanese; path = Japanese.lproj/FileTreeWindow.nib; sourceTree = "<group>"; };
		2CF3F22C1354351D00872A83 /* StationeryPalette.icns */ = {isa = PBXFileReference; lastKnownFileType = image.icns; path = StationeryPalette.icns; sourceTree = "<group>"; };
		2CF70C051BEC3F4200786EBD /* DropBox.h */ = {isa = PBXFileReference; fileEncoding = 4; lastKnownFileType = sourcecode.c.h; path = DropBox.h; sourceTree = "<group>"; };
		2CF70C061BEC3F4200786EBD /* DropBox.m */ = {isa = PBXFileReference; fileEncoding = 4; lastKnownFileType = sourcecode.c.objc; path = DropBox.m; sourceTree = "<group>"; };
		2CF70C071BEC3F4200786EBD /* HFSTypeUtils.h */ = {isa = PBXFileReference; fileEncoding = 4; lastKnownFileType = sourcecode.c.h; path = HFSTypeUtils.h; sourceTree = "<group>"; };
		2CF70C081BEC3F4200786EBD /* HFSTypeUtils.m */ = {isa = PBXFileReference; fileEncoding = 4; lastKnownFileType = sourcecode.c.objc; path = HFSTypeUtils.m; sourceTree = "<group>"; };
		2CF70C0A1BEC3F4200786EBD /* PathExtra.h */ = {isa = PBXFileReference; fileEncoding = 4; lastKnownFileType = sourcecode.c.h; path = PathExtra.h; sourceTree = "<group>"; };
		2CF70C0B1BEC3F4200786EBD /* PathExtra.m */ = {isa = PBXFileReference; fileEncoding = 4; lastKnownFileType = sourcecode.c.objc; path = PathExtra.m; sourceTree = "<group>"; };
		32CA4F630368D1EE00C91783 /* StationeryPalette_Prefix.pch */ = {isa = PBXFileReference; fileEncoding = 4; lastKnownFileType = sourcecode.c.h; path = StationeryPalette_Prefix.pch; sourceTree = "<group>"; };
		8D1107310486CEB800E47090 /* Info.plist */ = {isa = PBXFileReference; explicitFileType = text.plist; fileEncoding = 4; path = Info.plist; sourceTree = "<group>"; };
		8D1107320486CEB800E47090 /* StationeryPalette.app */ = {isa = PBXFileReference; explicitFileType = wrapper.application; includeInIndex = 0; path = StationeryPalette.app; sourceTree = BUILT_PRODUCTS_DIR; };
/* End PBXFileReference section */

/* Begin PBXFrameworksBuildPhase section */
		8D11072E0486CEB800E47090 /* Frameworks */ = {
			isa = PBXFrameworksBuildPhase;
			buildActionMask = 2147483647;
			files = (
				2C1DC0CC1BEC95B60071AF1C /* DonationReminder.framework in Frameworks */,
				8D11072F0486CEB800E47090 /* Cocoa.framework in Frameworks */,
				2C58A4390B0A090F003E345E /* Carbon.framework in Frameworks */,
				2C1DC0D31BEC97AA0071AF1C /* Sparkle.framework in Frameworks */,
			);
			runOnlyForDeploymentPostprocessing = 0;
		};
/* End PBXFrameworksBuildPhase section */

/* Begin PBXGroup section */
		080E96DDFE201D6D7F000001 /* Classes */ = {
			isa = PBXGroup;
			children = (
				2C1DC0C01BEC93E90071AF1C /* NSString+StationeryFlag.h */,
				2C1DC0C11BEC93E90071AF1C /* NSString+StationeryFlag.m */,
				2C1DC0BC1BEC8F680071AF1C /* NSRunningApplication+SmartActivate.h */,
				2C1DC0BD1BEC8F680071AF1C /* NSRunningApplication+SmartActivate.m */,
				2C458ABB0B37E6A70020C796 /* AppController.h */,
				2C458ABC0B37E6A70020C796 /* AppController.m */,
				2C458C630B37F7D40020C796 /* FileTreeWindowController.h */,
				2C458C640B37F7D40020C796 /* FileTreeWindowController.m */,
				2C92323D17FA5AE100C47BAB /* FileNameComboBox.h */,
				2C92323E17FA5AE100C47BAB /* FileNameComboBox.m */,
			);
			name = Classes;
			sourceTree = "<group>";
		};
		1058C7A0FEA54F0111CA2CBB /* Linked Frameworks */ = {
			isa = PBXGroup;
			children = (
				2C58A4380B0A090F003E345E /* Carbon.framework */,
				1058C7A1FEA54F0111CA2CBB /* Cocoa.framework */,
			);
			name = "Linked Frameworks";
			sourceTree = "<group>";
		};
		1058C7A2FEA54F0111CA2CBB /* Other Frameworks */ = {
			isa = PBXGroup;
			children = (
				29B97324FDCFA39411CA2CEA /* AppKit.framework */,
				13E42FB307B3F0F600E4EEF1 /* CoreData.framework */,
				29B97325FDCFA39411CA2CEA /* Foundation.framework */,
			);
			name = "Other Frameworks";
			sourceTree = "<group>";
		};
		19C28FACFE9D520D11CA2CBB /* Products */ = {
			isa = PBXGroup;
			children = (
				8D1107320486CEB800E47090 /* StationeryPalette.app */,
			);
			name = Products;
			sourceTree = "<group>";
		};
		29B97314FDCFA39411CA2CEA /* FileListTest */ = {
			isa = PBXGroup;
			children = (
				2CA09BF10B3FCF000043BE9D /* History.rd */,
				2CF70C041BEC3F4200786EBD /* DropBox */,
				2CF70C091BEC3F4200786EBD /* PathExtra */,
				080E96DDFE201D6D7F000001 /* Classes */,
				2C1E92490B3841330086DB87 /* FileTreeView */,
				29B97315FDCFA39411CA2CEA /* Other Sources */,
				29B97317FDCFA39411CA2CEA /* Resources */,
				2CD68A6D0B3D7A21008B45F9 /* Unused Sources */,
				29B97323FDCFA39411CA2CEA /* Frameworks */,
				19C28FACFE9D520D11CA2CBB /* Products */,
				2C1DC0C41BEC95570071AF1C /* DonationReminder.xcodeproj */,
			);
			name = FileListTest;
			sourceTree = "<group>";
		};
		29B97315FDCFA39411CA2CEA /* Other Sources */ = {
			isa = PBXGroup;
			children = (
				32CA4F630368D1EE00C91783 /* StationeryPalette_Prefix.pch */,
				29B97316FDCFA39411CA2CEA /* main.m */,
			);
			name = "Other Sources";
			sourceTree = "<group>";
		};
		29B97317FDCFA39411CA2CEA /* Resources */ = {
			isa = PBXGroup;
			children = (
				2CF3F22C1354351D00872A83 /* StationeryPalette.icns */,
				2C3B462B0F309A38006455BA /* dsa_pub.pem */,
				2CA09BF20B3FD9250043BE9D /* Stationery.zip */,
				2C3C5F480B54887D00F5AEC3 /* HelpSetup.plist */,
				2C1E94370B38B4670086DB87 /* Images */,
				2C458C900B37F88B0020C796 /* FileTreeWindow.nib */,
				8D1107310486CEB800E47090 /* Info.plist */,
				089C165CFE840E0CC02AAC07 /* InfoPlist.strings */,
				29B97318FDCFA39411CA2CEA /* MainMenu.nib */,
				2C4589950B37CFA40020C796 /* Localizable.strings */,
				2C458AD70B37F1450020C796 /* FactorySettings.plist */,
				2CB0558A0B3A9EE400315976 /* InsertionLocation.applescript */,
				2C17FD280C1AFE75008E63D6 /* ServicesMenu.strings */,
			);
			name = Resources;
			sourceTree = "<group>";
		};
		29B97323FDCFA39411CA2CEA /* Frameworks */ = {
			isa = PBXGroup;
			children = (
				2C1DC0D11BEC97550071AF1C /* Sparkle.framework */,
				1058C7A0FEA54F0111CA2CBB /* Linked Frameworks */,
				1058C7A2FEA54F0111CA2CBB /* Other Frameworks */,
			);
			name = Frameworks;
			sourceTree = "<group>";
		};
		2C1DC0C51BEC95570071AF1C /* Products */ = {
			isa = PBXGroup;
			children = (
				2C1DC0C91BEC95580071AF1C /* DonationReminder.framework */,
			);
			name = Products;
			sourceTree = "<group>";
		};
		2C1E92490B3841330086DB87 /* FileTreeView */ = {
			isa = PBXGroup;
			children = (
				2C1E924A0B3841330086DB87 /* FileTreeDataSource.h */,
				2C1E924B0B3841330086DB87 /* FileTreeDataSource.m */,
				2C1E924C0B3841330086DB87 /* FileTreeNode.h */,
				2C1E924D0B3841330086DB87 /* FileTreeNode.m */,
				2C270BC20B39201200955F77 /* TreeNode.h */,
				2C270BC30B39201200955F77 /* TreeNode.m */,
				2C1E924E0B3841330086DB87 /* FileTreeView.h */,
				2C1E924F0B3841330086DB87 /* FileTreeView.m */,
				2C1E92500B3841330086DB87 /* FileTreeViewDataSource.h */,
				2C1E92510B3841330086DB87 /* ImageAndTextCell.h */,
				2C1E92520B3841330086DB87 /* ImageAndTextCell.m */,
				2C1E92550B3841330086DB87 /* NSArray_Extensions.h */,
				2C1E92560B3841330086DB87 /* NSArray_Extensions.m */,
				2C1E92570B3841330086DB87 /* NSOutlineView_Extensions.h */,
				2C1E92580B3841330086DB87 /* NSOutlineView_Extensions.m */,
			);
			path = FileTreeView;
			sourceTree = "<group>";
		};
		2C1E94370B38B4670086DB87 /* Images */ = {
			isa = PBXGroup;
			children = (
				2C3B46300F309B01006455BA /* CheckForUpdates.png */,
				2C270C870B3979A300955F77 /* MakeFolder.png */,
				2C270C840B39795900955F77 /* ToolbarDeleteIcon.icns */,
				2C270C800B39794500955F77 /* Reveal.tiff */,
				2C270C820B39794B00955F77 /* DarkBlueReload.png */,
				2C270C7E0B39794000955F77 /* AddItem.png */,
				2C270B0B0B38BFAB00955F77 /* rename.png */,
				2C270B070B38BEBC00955F77 /* new_folder.icns */,
				2C1E943A0B38B4670086DB87 /* Reload.png */,
			);
			path = Images;
			sourceTree = "<group>";
		};
		2CD68A6D0B3D7A21008B45F9 /* Unused Sources */ = {
			isa = PBXGroup;
			children = (
				2C4493B80B3BD77800D6F290 /* KeyedUnarchiveFromDataTransformer.h */,
				2C4493B90B3BD77800D6F290 /* KeyedUnarchiveFromDataTransformer.m */,
			);
			name = "Unused Sources";
			sourceTree = "<group>";
		};
		2CF70C041BEC3F4200786EBD /* DropBox */ = {
			isa = PBXGroup;
			children = (
				2CF70C051BEC3F4200786EBD /* DropBox.h */,
				2CF70C061BEC3F4200786EBD /* DropBox.m */,
				2CF70C071BEC3F4200786EBD /* HFSTypeUtils.h */,
				2CF70C081BEC3F4200786EBD /* HFSTypeUtils.m */,
			);
			path = DropBox;
			sourceTree = "<group>";
		};
		2CF70C091BEC3F4200786EBD /* PathExtra */ = {
			isa = PBXGroup;
			children = (
				2CF70C0A1BEC3F4200786EBD /* PathExtra.h */,
				2CF70C0B1BEC3F4200786EBD /* PathExtra.m */,
			);
			path = PathExtra;
			sourceTree = "<group>";
		};
/* End PBXGroup section */

/* Begin PBXNativeTarget section */
		8D1107260486CEB800E47090 /* StationeryPalette */ = {
			isa = PBXNativeTarget;
			buildConfigurationList = C01FCF4A08A954540054247B /* Build configuration list for PBXNativeTarget "StationeryPalette" */;
			buildPhases = (
				2CEF6BB614EC2C7000C9A9B3 /* ShellScript */,
				8D1107290486CEB800E47090 /* Resources */,
				8D11072C0486CEB800E47090 /* Sources */,
				8D11072E0486CEB800E47090 /* Frameworks */,
				2CB056360B3AA04500315976 /* AppleScript */,
				2CEBB1440B40040600040DD0 /* CopyFiles */,
				2CE1A18814F286BD00CD5808 /* ShellScript */,
			);
			buildRules = (
			);
			dependencies = (
				2C1DC0CB1BEC958E0071AF1C /* PBXTargetDependency */,
			);
			name = StationeryPalette;
			productInstallPath = "$(HOME)/Applications";
			productName = FileListTest;
			productReference = 8D1107320486CEB800E47090 /* StationeryPalette.app */;
			productType = "com.apple.product-type.application";
		};
/* End PBXNativeTarget section */

/* Begin PBXProject section */
		29B97313FDCFA39411CA2CEA /* Project object */ = {
			isa = PBXProject;
			buildConfigurationList = C01FCF4E08A954540054247B /* Build configuration list for PBXProject "StationeryPalette" */;
			compatibilityVersion = "Xcode 2.4";
			developmentRegion = English;
			hasScannedForEncodings = 1;
			knownRegions = (
				English,
				Japanese,
				French,
				German,
			);
			mainGroup = 29B97314FDCFA39411CA2CEA /* FileListTest */;
			projectDirPath = "";
			projectReferences = (
				{
					ProductGroup = 2C1DC0C51BEC95570071AF1C /* Products */;
					ProjectRef = 2C1DC0C41BEC95570071AF1C /* DonationReminder.xcodeproj */;
				},
			);
			projectRoot = "";
			targets = (
				8D1107260486CEB800E47090 /* StationeryPalette */,
			);
		};
/* End PBXProject section */

/* Begin PBXReferenceProxy section */
		2C1DC0C91BEC95580071AF1C /* DonationReminder.framework */ = {
			isa = PBXReferenceProxy;
			fileType = wrapper.framework;
			path = DonationReminder.framework;
			remoteRef = 2C1DC0C81BEC95580071AF1C /* PBXContainerItemProxy */;
			sourceTree = BUILT_PRODUCTS_DIR;
		};
/* End PBXReferenceProxy section */

/* Begin PBXResourcesBuildPhase section */
		8D1107290486CEB800E47090 /* Resources */ = {
			isa = PBXResourcesBuildPhase;
			buildActionMask = 2147483647;
			files = (
				2CA09BF30B3FD9250043BE9D /* Stationery.zip in Resources */,
				8D11072A0486CEB800E47090 /* MainMenu.nib in Resources */,
				8D11072B0486CEB800E47090 /* InfoPlist.strings in Resources */,
				2C4589960B37CFA40020C796 /* Localizable.strings in Resources */,
				2C458AD80B37F1450020C796 /* FactorySettings.plist in Resources */,
				2C458C920B37F88B0020C796 /* FileTreeWindow.nib in Resources */,
				2C1E943D0B38B4680086DB87 /* Reload.png in Resources */,
				2C270B080B38BEBC00955F77 /* new_folder.icns in Resources */,
				2C270B0C0B38BFAB00955F77 /* rename.png in Resources */,
				2C270C7F0B39794000955F77 /* AddItem.png in Resources */,
				2C270C810B39794500955F77 /* Reveal.tiff in Resources */,
				2C270C830B39794B00955F77 /* DarkBlueReload.png in Resources */,
				2C270C850B39795900955F77 /* ToolbarDeleteIcon.icns in Resources */,
				2C270C880B3979A300955F77 /* MakeFolder.png in Resources */,
				2C3C5F490B54887D00F5AEC3 /* HelpSetup.plist in Resources */,
				2C17FD290C1AFE75008E63D6 /* ServicesMenu.strings in Resources */,
				2C3B462C0F309A39006455BA /* dsa_pub.pem in Resources */,
				2C3B46310F309B01006455BA /* CheckForUpdates.png in Resources */,
				2CF3F22D1354351D00872A83 /* StationeryPalette.icns in Resources */,
			);
			runOnlyForDeploymentPostprocessing = 0;
		};
/* End PBXResourcesBuildPhase section */

/* Begin PBXShellScriptBuildPhase section */
		2CE1A18814F286BD00CD5808 /* ShellScript */ = {
			isa = PBXShellScriptBuildPhase;
			buildActionMask = 8;
			files = (
			);
			inputPaths = (
			);
			outputPaths = (
			);
			runOnlyForDeploymentPostprocessing = 1;
			shellPath = "/bin/bash -l";
			shellScript = "if [ \"$BUILD_STYLE\" = 'Release' ]; then\ncd $BUILT_PRODUCTS_DIR\nSetupHelpBook $FULL_PRODUCT_NAME\nfi\n";
		};
		2CEF6BB614EC2C7000C9A9B3 /* ShellScript */ = {
			isa = PBXShellScriptBuildPhase;
			buildActionMask = 2147483647;
			files = (
			);
			inputPaths = (
				"$(SRCROOT)/English.lproj/MainMenu.nib",
				"$(SRCROOT)/English.lproj/FileTreeWindow.nib",
				"$(SRCROOT)/Japanese.lproj/MainMenu.strings",
				"$(SRCROOT)/Japanese.lproj/FileTreeWindow.strings",
			);
			outputPaths = (
				"$(SRCROOT)/Japanese.lproj/MainMenu.nib",
				"$(SRCROOT)/Japanese.lproj/FileTreeWindow.nib",
			);
			runOnlyForDeploymentPostprocessing = 0;
			shellPath = /bin/sh;
			shellScript = "# Extract English strings (use this to check if you added new strings to your nibs)\n#ibtool --generate-strings-file Resources/English.lproj/MainWindow.strings Resources/#English.lproj/MainWindow.xib\n# Generate Localized interface\n\nfunction generate_localized_interface\n{\nbase_lang=$1\ntarget_lang=$2\ntarget_nib=$3\n\nnib_basename=`basename ${target_nib} .nib` \nibtool --strings-file ${target_lang}.lproj/${nib_basename}.strings --write ${target_lang}.lproj/${target_nib} ${base_lang}.lproj/${target_nib}\nrm -rf ${target_lang}.lproj/${target_nib}/.svn\n}\n\ngenerate_localized_interface English Japanese MainMenu.nib\ngenerate_localized_interface English Japanese FileTreeWindow.nib\n\n\n";
		};
/* End PBXShellScriptBuildPhase section */

/* Begin PBXSourcesBuildPhase section */
		8D11072C0486CEB800E47090 /* Sources */ = {
			isa = PBXSourcesBuildPhase;
			buildActionMask = 2147483647;
			files = (
				8D11072D0486CEB800E47090 /* main.m in Sources */,
				2C458ABD0B37E6A70020C796 /* AppController.m in Sources */,
				2C458C650B37F7D40020C796 /* FileTreeWindowController.m in Sources */,
				2C1E925D0B3841330086DB87 /* FileTreeDataSource.m in Sources */,
				2C1E925E0B3841330086DB87 /* FileTreeNode.m in Sources */,
				2C1E925F0B3841330086DB87 /* FileTreeView.m in Sources */,
				2C1E92600B3841330086DB87 /* ImageAndTextCell.m in Sources */,
				2C1E92620B3841330086DB87 /* NSArray_Extensions.m in Sources */,
				2C1E92630B3841330086DB87 /* NSOutlineView_Extensions.m in Sources */,
				2C270BC40B39201200955F77 /* TreeNode.m in Sources */,
				2C92324017FA5AE100C47BAB /* FileNameComboBox.m in Sources */,
				2CF70C0D1BEC3F4200786EBD /* DropBox.m in Sources */,
				2CF70C0F1BEC3F4200786EBD /* HFSTypeUtils.m in Sources */,
				2CF70C111BEC3F4200786EBD /* PathExtra.m in Sources */,
				2C1DC0BF1BEC8F680071AF1C /* NSRunningApplication+SmartActivate.m in Sources */,
				2C1DC0C31BEC93E90071AF1C /* NSString+StationeryFlag.m in Sources */,
			);
			runOnlyForDeploymentPostprocessing = 0;
		};
/* End PBXSourcesBuildPhase section */

/* Begin PBXTargetDependency section */
		2C1DC0CB1BEC958E0071AF1C /* PBXTargetDependency */ = {
			isa = PBXTargetDependency;
			name = DonationReminder;
			targetProxy = 2C1DC0CA1BEC958E0071AF1C /* PBXContainerItemProxy */;
		};
/* End PBXTargetDependency section */

/* Begin PBXVariantGroup section */
		089C165CFE840E0CC02AAC07 /* InfoPlist.strings */ = {
			isa = PBXVariantGroup;
			children = (
				089C165DFE840E0CC02AAC07 /* English */,
				2CEF6B7014EC1DCD00C9A9B3 /* Japanese */,
			);
			name = InfoPlist.strings;
			sourceTree = "<group>";
		};
		29B97318FDCFA39411CA2CEA /* MainMenu.nib */ = {
			isa = PBXVariantGroup;
			children = (
				29B97319FDCFA39411CA2CEA /* English */,
				2CEF6B7114EC1DDE00C9A9B3 /* Japanese */,
			);
			name = MainMenu.nib;
			sourceTree = "<group>";
		};
		2C17FD280C1AFE75008E63D6 /* ServicesMenu.strings */ = {
			isa = PBXVariantGroup;
			children = (
				2C17FD240C1AFE6A008E63D6 /* English */,
				2CEF6B7314EC1EC200C9A9B3 /* Japanese */,
			);
			name = ServicesMenu.strings;
			sourceTree = "<group>";
		};
		2C4589950B37CFA40020C796 /* Localizable.strings */ = {
			isa = PBXVariantGroup;
			children = (
				2C4588B40B37CF4F0020C796 /* English */,
				2CEF6B7214EC1E2200C9A9B3 /* Japanese */,
			);
			name = Localizable.strings;
			sourceTree = "<group>";
		};
		2C458C900B37F88B0020C796 /* FileTreeWindow.nib */ = {
			isa = PBXVariantGroup;
			children = (
				2C458C910B37F88B0020C796 /* English */,
				2CEF6B7414EC1F1400C9A9B3 /* Japanese */,
			);
			name = FileTreeWindow.nib;
			sourceTree = "<group>";
		};
/* End PBXVariantGroup section */

/* Begin XCBuildConfiguration section */
		C01FCF4B08A954540054247B /* Debug */ = {
			isa = XCBuildConfiguration;
			buildSettings = {
				ARCHS = "$(ONLY_ACTIVE_ARCH_PRE_XCODE_3_1)";
				COPY_PHASE_STRIP = NO;
				CURRENT_PROJECT_VERSION = 19;
				FRAMEWORK_SEARCH_PATHS = (
					"$(inherited)",
					"$(FRAMEWORK_SEARCH_PATHS_QUOTED_1)",
					"$(FRAMEWORK_SEARCH_PATHS_QUOTED_FOR_TARGET_1)",
					"$(FRAMEWORK_SEARCH_PATHS_QUOTED_FOR_TARGET_2)",
				);
				FRAMEWORK_SEARCH_PATHS_QUOTED_FOR_TARGET_1 = "\"$(SRCROOT)/..\"";
				FRAMEWORK_SEARCH_PATHS_QUOTED_FOR_TARGET_2 = "\"$(SRCROOT)\"";
				GCC_DYNAMIC_NO_PIC = NO;
				GCC_ENABLE_FIX_AND_CONTINUE = YES;
				GCC_OPTIMIZATION_LEVEL = 0;
				INFOPLIST_FILE = Info.plist;
				INSTALL_PATH = /Applications;
				ONLY_ACTIVE_ARCH_PRE_XCODE_3_1 = "$(NATIVE_ARCH_64)";
				PRODUCT_NAME = StationeryPalette;
				SDKROOT = macosx10.8;
				VERSIONING_SYSTEM = "apple-generic";
				WRAPPER_EXTENSION = app;
				ZERO_LINK = YES;
			};
			name = Debug;
		};
		C01FCF4C08A954540054247B /* Release */ = {
			isa = XCBuildConfiguration;
			buildSettings = {
				ARCHS = "$(ARCHS_STANDARD_64_BIT_PRE_XCODE_3_1)";
				ARCHS_STANDARD_64_BIT_PRE_XCODE_3_1 = x86_64;
				CURRENT_PROJECT_VERSION = 19;
				FRAMEWORK_SEARCH_PATHS = (
					"$(inherited)",
					"$(FRAMEWORK_SEARCH_PATHS_QUOTED_1)",
					"$(FRAMEWORK_SEARCH_PATHS_QUOTED_FOR_TARGET_1)",
				);
				FRAMEWORK_SEARCH_PATHS_QUOTED_1 = "\"$(SRCROOT)/..\"";
				FRAMEWORK_SEARCH_PATHS_QUOTED_FOR_TARGET_1 = "\"$(SRCROOT)\"";
				GCC_GENERATE_DEBUGGING_SYMBOLS = NO;
				INFOPLIST_FILE = Info.plist;
				INSTALL_PATH = /Applications;
				PRODUCT_NAME = StationeryPalette;
				SDKROOT = macosx10.8;
				VERSIONING_SYSTEM = "apple-generic";
				WRAPPER_EXTENSION = app;
			};
			name = Release;
		};
		C01FCF4F08A954540054247B /* Debug */ = {
			isa = XCBuildConfiguration;
			buildSettings = {
				GCC_C_LANGUAGE_STANDARD = c99;
				GCC_ENABLE_OBJC_EXCEPTIONS = YES;
				GCC_WARN_ABOUT_RETURN_TYPE = YES;
				GCC_WARN_UNUSED_VARIABLE = YES;
				SDKROOT = /Developer/SDKs/MacOSX10.5.sdk;
			};
			name = Debug;
		};
		C01FCF5008A954540054247B /* Release */ = {
			isa = XCBuildConfiguration;
			buildSettings = {
				ARCHS = "$(ARCHS_STANDARD_64_BIT_PRE_XCODE_3_1)";
				ARCHS_STANDARD_64_BIT_PRE_XCODE_3_1 = x86_64;
				GCC_C_LANGUAGE_STANDARD = c99;
				GCC_ENABLE_OBJC_EXCEPTIONS = YES;
				GCC_WARN_ABOUT_RETURN_TYPE = YES;
				GCC_WARN_UNUSED_VARIABLE = YES;
				SDKROOT = /Developer/SDKs/MacOSX10.5.sdk;
			};
			name = Release;
		};
/* End XCBuildConfiguration section */

/* Begin XCConfigurationList section */
		C01FCF4A08A954540054247B /* Build configuration list for PBXNativeTarget "StationeryPalette" */ = {
			isa = XCConfigurationList;
			buildConfigurations = (
				C01FCF4B08A954540054247B /* Debug */,
				C01FCF4C08A954540054247B /* Release */,
			);
			defaultConfigurationIsVisible = 0;
			defaultConfigurationName = Release;
		};
		C01FCF4E08A954540054247B /* Build configuration list for PBXProject "StationeryPalette" */ = {
			isa = XCConfigurationList;
			buildConfigurations = (
				C01FCF4F08A954540054247B /* Debug */,
				C01FCF5008A954540054247B /* Release */,
			);
			defaultConfigurationIsVisible = 0;
			defaultConfigurationName = Release;
		};
/* End XCConfigurationList section */
	};
	rootObject = 29B97313FDCFA39411CA2CEA /* Project object */;
}
